
Microsoft Visual Studio Solution File, Format Version 11.00
# Visual Studio 2010
Project("{FAE04EC0-301F-11D3-BF4B-00C04F79EFBC}") = "Task37774", "Task37774\Task37774.csproj", "{207999E7-91A4-4F81-B652-A5AF0E5CD7BF}"
EndProject
Global
	GlobalSection(SolutionConfigurationPlatforms) = preSolution
		Debug|x86 = Debug|x86
		Release|x86 = Release|x86
	EndGlobalSection
	GlobalSection(ProjectConfigurationPlatforms) = postSolution
		{207999E7-91A4-4F81-B652-A5AF0E5CD7BF}.Debug|x86.ActiveCfg = Debug|x86
		{207999E7-91A4-4F81-B652-A5AF0E5CD7BF}.Debug|x86.Build.0 = Debug|x86
		{207999E7-91A4-4F81-B652-A5AF0E5CD7BF}.Release|x86.ActiveCfg = Release|x86
		{207999E7-91A4-4F81-B652-A5AF0E5CD7BF}.Release|x86.Build.0 = Release|x86
	EndGlobalSection
	GlobalSection(SolutionProperties) = preSolution
		HideSolutionNode = FALSE
	EndGlobalSection
EndGlobal
